# This file is generated by running "yarn install" inside your project.
# Manual changes might be lost - proceed with caution!

__metadata:
  version: 6
  cacheKey: 8

"@imranbarbhuiya/duration@npm:^5.1.5":
  version: 5.1.5
  resolution: "@imranbarbhuiya/duration@npm:5.1.5"
  checksum: 593e0e747317d67832f5870792e61f9967a25e2e6d4cb5639627d224b7fbefab74f36b486731d8f9fbd61342f29d1837b50f379f2f48768d22b260607b310715
  languageName: node
  linkType: hard

"@roti/transcript@workspace:.":
  version: 0.0.0-use.local
  resolution: "@roti/transcript@workspace:."
  dependencies:
    "@imranbarbhuiya/duration": ^5.1.5
    colorette: ^2.0.19
    prettier: ^2.7.1
  languageName: unknown
  linkType: soft

"colorette@npm:^2.0.19":
  version: 2.0.19
  resolution: "colorette@npm:2.0.19"
  checksum: 888cf5493f781e5fcf54ce4d49e9d7d698f96ea2b2ef67906834bb319a392c667f9ec69f4a10e268d2946d13a9503d2d19b3abaaaf174e3451bfe91fb9d82427
  languageName: node
  linkType: hard

"prettier@npm:^2.7.1":
  version: 2.7.1
  resolution: "prettier@npm:2.7.1"
  bin:
    prettier: bin-prettier.js
  checksum: 55a4409182260866ab31284d929b3cb961e5fdb91fe0d2e099dac92eaecec890f36e524b4c19e6ceae839c99c6d7195817579cdffc8e2c80da0cb794463a748b
  languageName: node
  linkType: hard
