# This file is generated by running "yarn install" inside your project.
# Manual changes might be lost - proceed with caution!

__metadata:
  version: 6
  cacheKey: 8

"@imranbarbhuiya/duration@npm:^5.1.7":
  version: 5.1.7
  resolution: "@imranbarbhuiya/duration@npm:5.1.7"
  checksum: 692171f46fad8e2920e98df65f5e0eff65a62e7783d123393ff557bc3cb129d59e126c8db4c46bf2d5a66ef523da890688c2ae5a0799c04e245e1b0e81ff2f16
  languageName: node
  linkType: hard

"@roti/transcript@workspace:.":
  version: 0.0.0-use.local
  resolution: "@roti/transcript@workspace:."
  dependencies:
    "@imranbarbhuiya/duration": ^5.1.7
    colorette: ^2.0.19
    prettier: ^2.8.7
  languageName: unknown
  linkType: soft

"colorette@npm:^2.0.19":
  version: 2.0.19
  resolution: "colorette@npm:2.0.19"
  checksum: 888cf5493f781e5fcf54ce4d49e9d7d698f96ea2b2ef67906834bb319a392c667f9ec69f4a10e268d2946d13a9503d2d19b3abaaaf174e3451bfe91fb9d82427
  languageName: node
  linkType: hard

"prettier@npm:^2.8.7":
  version: 2.8.7
  resolution: "prettier@npm:2.8.7"
  bin:
    prettier: bin-prettier.js
  checksum: fdc8f2616f099f5f0d685907f4449a70595a0fc1d081a88919604375989e0d5e9168d6121d8cc6861f21990b31665828e00472544d785d5940ea08a17660c3a6
  languageName: node
  linkType: hard
