# This file is generated by running "yarn install" inside your project.
# Manual changes might be lost - proceed with caution!

__metadata:
  version: 6
  cacheKey: 8

"@imranbarbhuiya/duration@npm:^5.1.7":
  version: 5.1.7
  resolution: "@imranbarbhuiya/duration@npm:5.1.7"
  checksum: 692171f46fad8e2920e98df65f5e0eff65a62e7783d123393ff557bc3cb129d59e126c8db4c46bf2d5a66ef523da890688c2ae5a0799c04e245e1b0e81ff2f16
  languageName: node
  linkType: hard

"@roti/transcript@workspace:.":
  version: 0.0.0-use.local
  resolution: "@roti/transcript@workspace:."
  dependencies:
    "@imranbarbhuiya/duration": ^5.1.7
    colorette: ^2.0.19
    prettier: ^2.8.3
  languageName: unknown
  linkType: soft

"colorette@npm:^2.0.19":
  version: 2.0.19
  resolution: "colorette@npm:2.0.19"
  checksum: 888cf5493f781e5fcf54ce4d49e9d7d698f96ea2b2ef67906834bb319a392c667f9ec69f4a10e268d2946d13a9503d2d19b3abaaaf174e3451bfe91fb9d82427
  languageName: node
  linkType: hard

"prettier@npm:^2.8.3":
  version: 2.8.3
  resolution: "prettier@npm:2.8.3"
  bin:
    prettier: bin-prettier.js
  checksum: 92f2ceb522d454370e02082aa74ad27388672f7cee8975028b59517c069fe643bdc73e322675c8faf2ff173d7a626d1a6389f26b474000308e793aa25fff46e5
  languageName: node
  linkType: hard
